{
  "version": "4",
  "specifiers": {
    "jsr:@denosaurs/plug@1": "1.0.5",
    "jsr:@denosaurs/plug@1.0.5": "1.0.5",
    "jsr:@es-toolkit/es-toolkit@1.33.0": "1.33.0",
    "jsr:@gfx/canvas@*": "0.5.6",
    "jsr:@gfx/canvas@0.5.6": "0.5.6",
    "jsr:@std/assert@0.214": "0.214.0",
    "jsr:@std/assert@0.217": "0.217.0",
    "jsr:@std/encoding@0.214": "0.214.0",
    "jsr:@std/encoding@0.217.0": "0.217.0",
    "jsr:@std/encoding@1.0.7": "1.0.7",
    "jsr:@std/fmt@0.214": "0.214.0",
    "jsr:@std/fs@0.214": "0.214.0",
    "jsr:@std/fs@0.217.0": "0.217.0",
    "jsr:@std/fs@1.0.14": "1.0.14",
    "jsr:@std/path@0.214": "0.214.0",
    "jsr:@std/path@0.217": "0.217.0",
    "jsr:@std/path@0.217.0": "0.217.0",
    "jsr:@std/path@1.0.8": "1.0.8",
    "jsr:@std/path@^1.0.8": "1.0.8",
    "jsr:@webview/webview@*": "0.9.0"
  },
  "jsr": {
    "@denosaurs/plug@1.0.5": {
      "integrity": "04cd988da558adc226202d88c3a434d5fcc08146eaf4baf0cea0c2284b16d2bf",
      "dependencies": [
        "jsr:@std/encoding@0.214",
        "jsr:@std/fmt",
        "jsr:@std/fs@0.214",
        "jsr:@std/path@0.214"
      ]
    },
    "@es-toolkit/es-toolkit@1.33.0": {
      "integrity": "0d2404dad0ee48ba3a2020790f788c5d6e11d73d8e02dbf685841c0d453b2643"
    },
    "@gfx/canvas@0.5.6": {
      "integrity": "4f34b91daca182fb422e308692a5fa54c2f638d2e46c587a3974c1f9233407d1",
      "dependencies": [
        "jsr:@denosaurs/plug@1",
        "jsr:@denosaurs/plug@1.0.5",
        "jsr:@std/encoding@0.217.0",
        "jsr:@std/fs@0.217.0",
        "jsr:@std/path@0.217.0"
      ]
    },
    "@std/assert@0.214.0": {
      "integrity": "55d398de76a9828fd3b1aa653f4dba3eee4c6985d90c514865d2be9bd082b140"
    },
    "@std/assert@0.217.0": {
      "integrity": "c98e279362ca6982d5285c3b89517b757c1e3477ee9f14eb2fdf80a45aaa9642"
    },
    "@std/encoding@0.214.0": {
      "integrity": "30a8713e1db22986c7e780555ffd2fefd1d4f9374d734bb41f5970f6c3352af5"
    },
    "@std/encoding@0.217.0": {
      "integrity": "b03e8ff94c98d6b6a02c02c5cf8e5d203400155516248964fc4559abc04669dc"
    },
    "@std/encoding@1.0.7": {
      "integrity": "f631247c1698fef289f2de9e2a33d571e46133b38d042905e3eac3715030a82d"
    },
    "@std/fmt@0.214.0": {
      "integrity": "40382cff88a0783b347b4d69b94cf931ab8e549a733916718cb866c08efac4d4"
    },
    "@std/fs@0.214.0": {
      "integrity": "bc880fea0be120cb1550b1ed7faf92fe071003d83f2456a1e129b39193d85bea",
      "dependencies": [
        "jsr:@std/assert@0.214",
        "jsr:@std/path@0.214"
      ]
    },
    "@std/fs@0.217.0": {
      "integrity": "0bfff5f3618d68c385b28b4ffbf3a15c98293a0f1186444458b62e0111ce77b2",
      "dependencies": [
        "jsr:@std/assert@0.217",
        "jsr:@std/path@0.217"
      ]
    },
    "@std/fs@1.0.14": {
      "integrity": "1e84bf0b95fe08f41f1f4aea9717bbf29f45408a56ce073b0114474ce1c9fccf",
      "dependencies": [
        "jsr:@std/path@^1.0.8"
      ]
    },
    "@std/path@0.214.0": {
      "integrity": "d5577c0b8d66f7e8e3586d864ebdf178bb326145a3611da5a51c961740300285",
      "dependencies": [
        "jsr:@std/assert@0.214"
      ]
    },
    "@std/path@0.217.0": {
      "integrity": "1217cc25534bca9a2f672d7fe7c6f356e4027df400c0e85c0ef3e4343bc67d11",
      "dependencies": [
        "jsr:@std/assert@0.217"
      ]
    },
    "@std/path@1.0.8": {
      "integrity": "548fa456bb6a04d3c1a1e7477986b6cffbce95102d0bb447c67c4ee70e0364be"
    },
    "@webview/webview@0.9.0": {
      "integrity": "a7c4d787aafa43258ff287f71a16679d5ca3d9b65e5d232c60c3985f9ab3e0ce",
      "dependencies": [
        "jsr:@denosaurs/plug@1"
      ]
    }
  },
  "redirects": {
    "https://esm.sh/@types/react-reconciler@~0.31.0/constants.d.ts": "https://esm.sh/@types/react-reconciler@0.31.0/constants.d.ts",
    "https://esm.sh/@types/react-reconciler@~0.31.0/index.d.ts": "https://esm.sh/@types/react-reconciler@0.31.0/index.d.ts",
    "https://esm.sh/@types/react@~18.2.79/index.d.ts": "https://esm.sh/@types/react@18.2.79/index.d.ts",
    "https://esm.sh/@types/react@~18.3.18/index.d.ts": "https://esm.sh/@types/react@18.3.18/index.d.ts",
    "https://esm.sh/@types/scheduler@~0.23.0/index.d.ts": "https://esm.sh/@types/scheduler@0.23.0/index.d.ts",
    "https://esm.sh/react@^18.2.0?target=denonext": "https://esm.sh/react@18.3.1?target=denonext",
    "https://esm.sh/scheduler@^0.23.0?target=denonext": "https://esm.sh/scheduler@0.23.2?target=denonext"
  },
  "remote": {
    "https://esm.sh/react-reconciler@0.29.0": "0ee27ee3c7784637c8ca86e416ee878b1023325c386065e208e7d2a5739b63f7",
    "https://esm.sh/react-reconciler@0.29.0/constants": "b055390a99b4ef69d321be9810066830d91dc39f72d06aa4922484dbb89742c8",
    "https://esm.sh/react-reconciler@0.29.0/denonext/constants.mjs": "0b63fbe9aa8c6d37f8c59f9648bba6d57a89425bcb5842b06fcbfa49e20e35e7",
    "https://esm.sh/react-reconciler@0.29.0/denonext/react-reconciler.mjs": "fde76e9dfd791f72eb9f34d7f933c7f9f5095f7a0ff46d435b2177e6e9691c02",
    "https://esm.sh/react@18.2.0": "fed8aeb7d240bb42a2167c9c7c6e842e128c7630cbcb08c4d61c9c1926f89c75",
    "https://esm.sh/react@18.2.0/denonext/react.mjs": "a986c2876dc2f73879f395e677dc34cb751f260e69db16364810655f884df173",
    "https://esm.sh/react@18.3.1/denonext/react.mjs": "fec8d5ab4ffa55c8b563abc31060c3dc0205699aff20beec4aba0311efdcc1a0",
    "https://esm.sh/react@18.3.1?target=denonext": "336090fd1f03fdb9530dce4ac761717b5e1e1a630c775bac184ec4ee0809cf89",
    "https://esm.sh/scheduler@0.23.2/denonext/scheduler.mjs": "8a1a8a363eb417fc8d40f6b15132e8964320782d7169e68fc6ac98b8b8c201eb",
    "https://esm.sh/scheduler@0.23.2?target=denonext": "5f446c6d28a83c4c3905e964a311ac654bf1b1993bb6647ee731a592068d5a1a"
  },
  "workspace": {
    "packageJson": {
      "dependencies": [
        "npm:@napi-rs/canvas@~0.1.67",
        "npm:tsup@^8.3.6",
        "npm:typescript@^5.7.3"
      ]
    }
  }
}
