{
  "version": "4",
  "specifiers": {
    "jsr:@es-toolkit/es-toolkit@*": "1.31.0",
    "jsr:@qnighy/dedent@*": "0.1.2",
    "jsr:@std/fs@*": "1.0.10",
    "jsr:@std/path@*": "1.0.8",
    "jsr:@std/path@^1.0.8": "1.0.8",
    "npm:@adobe/spectrum-tokens@*": "12.28.0",
    "npm:@adobe/spectrum-tokens@^12.28.0": "12.28.0",
    "npm:@napi-rs/canvas@*": "0.1.68",
    "npm:parse-css-color@*": "0.2.1"
  },
  "jsr": {
    "@es-toolkit/es-toolkit@1.31.0": {
      "integrity": "58479e1c72e58177a937bafd342504f32e1cdc922603835f06af9ef79f8203ed"
    },
    "@qnighy/dedent@0.1.2": {
      "integrity": "9e420cff5b0082dba168385c9dfc56f25ef9a07999605e5fc9bc2058529998ee"
    },
    "@std/fs@1.0.10": {
      "integrity": "bf041f9d7a0a460817f0421be8946d0e06011b3433e6c83a215628de5e3c7c2c",
      "dependencies": [
        "jsr:@std/path@^1.0.8"
      ]
    },
    "@std/path@1.0.8": {
      "integrity": "548fa456bb6a04d3c1a1e7477986b6cffbce95102d0bb447c67c4ee70e0364be"
    }
  },
  "npm": {
    "@adobe/spectrum-tokens@12.28.0": {
      "integrity": "sha512-kf8DCVDRE91Q+eaJRgcdGs6Fq/GlItq+OwsY0rygoD4lJlSGOsNbly7BgioTQlBO9gV8bNNwhqnWiipLbNxnkw=="
    },
    "@napi-rs/canvas-android-arm64@0.1.68": {
      "integrity": "sha512-h1KcSR4LKLfRfzeBH65xMxbWOGa1OtMFQbCMVlxPCkN1Zr+2gK+70pXO5ktojIYcUrP6KDcOwoc8clho5ccM/w=="
    },
    "@napi-rs/canvas-darwin-arm64@0.1.68": {
      "integrity": "sha512-/VURlrAD4gDoxW1GT/b0nP3fRz/fhxmHI/xznTq2FTwkQLPOlLkDLCvTmQ7v6LtGKdc2Ed6rvYpRan+JXThInQ=="
    },
    "@napi-rs/canvas-darwin-x64@0.1.68": {
      "integrity": "sha512-tEpvGR6vCLTo1Tx9wmDnoOKROpw57wiCWwCpDOuVlj/7rqEJOUYr9ixW4aRJgmeGBrZHgevI0EURys2ER6whmg=="
    },
    "@napi-rs/canvas-linux-arm-gnueabihf@0.1.68": {
      "integrity": "sha512-U9xbJsumPOiAYeAFZMlHf62b9dGs2HJ6Q5xt7xTB0uEyPeurwhgYBWGgabdsEidyj38YuzI/c3LGBbSQB3vagw=="
    },
    "@napi-rs/canvas-linux-arm64-gnu@0.1.68": {
      "integrity": "sha512-KFkn8wEm3mPnWD4l8+OUUkxylSJuN5q9PnJRZJgv15RtCA1bgxIwTkBhI/+xuyVMcHqON9sXq7cDkEJtHm35dg=="
    },
    "@napi-rs/canvas-linux-arm64-musl@0.1.68": {
      "integrity": "sha512-IQzts91rCdOALXBWQxLZRCEDrfFTGDtNRJMNu+2SKZ1uT8cmPQkPwVk5rycvFpvgAcmiFiOSCp1aRrlfU8KPpQ=="
    },
    "@napi-rs/canvas-linux-riscv64-gnu@0.1.68": {
      "integrity": "sha512-e9AS5UttoIKqXSmBzKZdd3NErSVyOEYzJfNOCGtafGk1//gibTwQXGlSXmAKuErqMp09pyk9aqQRSYzm1AQfBw=="
    },
    "@napi-rs/canvas-linux-x64-gnu@0.1.68": {
      "integrity": "sha512-Pa/I36VE3j57I3Obhrr+J48KGFfkZk2cJN/2NmW/vCgmoF7kCP6aTVq5n+cGdGWLd/cN9CJ9JvNwEoMRDghu0g=="
    },
    "@napi-rs/canvas-linux-x64-musl@0.1.68": {
      "integrity": "sha512-9c6rkc5195wNxuUHJdf4/mmnq433OQey9TNvQ9LspJazvHbfSkTij8wtKjASVQsJyPDva4fkWOeV/OQ7cLw0GQ=="
    },
    "@napi-rs/canvas-win32-x64-msvc@0.1.68": {
      "integrity": "sha512-Fc5Dez23u0FoSATurT6/w1oMytiRnKWEinHivdMvXpge6nG4YvhrASrtqMk8dGJMVQpHr8QJYF45rOrx2YU2Aw=="
    },
    "@napi-rs/canvas@0.1.68": {
      "integrity": "sha512-LQESrePLEBLvhuFkXx9jjBXRC2ClYsO5mqQ1m/puth5z9SOuM3N/B3vDuqnC3RJFktDktyK9khGvo7dTkqO9uQ==",
      "dependencies": [
        "@napi-rs/canvas-android-arm64",
        "@napi-rs/canvas-darwin-arm64",
        "@napi-rs/canvas-darwin-x64",
        "@napi-rs/canvas-linux-arm-gnueabihf",
        "@napi-rs/canvas-linux-arm64-gnu",
        "@napi-rs/canvas-linux-arm64-musl",
        "@napi-rs/canvas-linux-riscv64-gnu",
        "@napi-rs/canvas-linux-x64-gnu",
        "@napi-rs/canvas-linux-x64-musl",
        "@napi-rs/canvas-win32-x64-msvc"
      ]
    },
    "color-name@1.1.4": {
      "integrity": "sha512-dOy+3AuW3a2wNbZHIuMZpTcgjGuLU/uBL/ubcZF9OXbDo8ff4O8yVp5Bf0efS8uEoYo5q4Fx7dY9OgQGXgAsQA=="
    },
    "hex-rgb@4.3.0": {
      "integrity": "sha512-Ox1pJVrDCyGHMG9CFg1tmrRUMRPRsAWYc/PinY0XzJU4K7y7vjNoLKIQ7BR5UJMCxNN8EM1MNDmHWA/B3aZUuw=="
    },
    "parse-css-color@0.2.1": {
      "integrity": "sha512-bwS/GGIFV3b6KS4uwpzCFj4w297Yl3uqnSgIPsoQkx7GMLROXfMnWvxfNkL0oh8HVhZA4hvJoEoEIqonfJ3BWg==",
      "dependencies": [
        "color-name",
        "hex-rgb"
      ]
    }
  },
  "workspace": {
    "dependencies": [
      "npm:@adobe/spectrum-tokens@^12.28.0"
    ]
  }
}
