# This file is generated by running "yarn install" inside your project.
# Manual changes might be lost - proceed with caution!

__metadata:
  version: 8
  cacheKey: 10c0

"@adobe/spectrum-tokens@npm:^12.28.0":
  version: 12.28.0
  resolution: "@adobe/spectrum-tokens@npm:12.28.0"
  checksum: 10c0/13ec2b67c61f5db9c163b05f53d67b80ab23faf501f18b6dd9a51e5c6a49d424934daa00bfa7671e0ccdd9c654b87f007416bc32c882decce1e4b71eb3ac92e8
  languageName: node
  linkType: hard

"plugin@workspace:.":
  version: 0.0.0-use.local
  resolution: "plugin@workspace:."
  dependencies:
    "@adobe/spectrum-tokens": "npm:^12.28.0"
  languageName: unknown
  linkType: soft
